
Microsoft Visual Studio Solution File, Format Version 12.00
# Visual Studio 15
VisualStudioVersion = 15.0.26124.0
MinimumVisualStudioVersion = 15.0.26124.0
Project("{FAE04EC0-301F-11D3-BF4B-00C04F79EFBC}") = "API", "API\API.csproj", "{4BE80459-94BE-4203-9A5C-E03DEE3A7C61}"
EndProject
Project("{FAE04EC0-301F-11D3-BF4B-00C04F79EFBC}") = "Core", "Core\Core.csproj", "{088AA402-AFB6-4AE8-A8F6-2FC263DADEDD}"
EndProject
Project("{FAE04EC0-301F-11D3-BF4B-00C04F79EFBC}") = "Infrastructure", "Infrastructure\Infrastructure.csproj", "{EB527E1C-AE0C-43FD-9875-5ED86928C2FC}"
EndProject
Global
	GlobalSection(SolutionConfigurationPlatforms) = preSolution
		Debug|Any CPU = Debug|Any CPU
		Debug|x64 = Debug|x64
		Debug|x86 = Debug|x86
		Release|Any CPU = Release|Any CPU
		Release|x64 = Release|x64
		Release|x86 = Release|x86
	EndGlobalSection
	GlobalSection(SolutionProperties) = preSolution
		HideSolutionNode = FALSE
	EndGlobalSection
	GlobalSection(ProjectConfigurationPlatforms) = postSolution
		{4BE80459-94BE-4203-9A5C-E03DEE3A7C61}.Debug|Any CPU.ActiveCfg = Debug|Any CPU
		{4BE80459-94BE-4203-9A5C-E03DEE3A7C61}.Debug|Any CPU.Build.0 = Debug|Any CPU
		{4BE80459-94BE-4203-9A5C-E03DEE3A7C61}.Debug|x64.ActiveCfg = Debug|Any CPU
		{4BE80459-94BE-4203-9A5C-E03DEE3A7C61}.Debug|x64.Build.0 = Debug|Any CPU
		{4BE80459-94BE-4203-9A5C-E03DEE3A7C61}.Debug|x86.ActiveCfg = Debug|Any CPU
		{4BE80459-94BE-4203-9A5C-E03DEE3A7C61}.Debug|x86.Build.0 = Debug|Any CPU
		{4BE80459-94BE-4203-9A5C-E03DEE3A7C61}.Release|Any CPU.ActiveCfg = Release|Any CPU
		{4BE80459-94BE-4203-9A5C-E03DEE3A7C61}.Release|Any CPU.Build.0 = Release|Any CPU
		{4BE80459-94BE-4203-9A5C-E03DEE3A7C61}.Release|x64.ActiveCfg = Release|Any CPU
		{4BE80459-94BE-4203-9A5C-E03DEE3A7C61}.Release|x64.Build.0 = Release|Any CPU
		{4BE80459-94BE-4203-9A5C-E03DEE3A7C61}.Release|x86.ActiveCfg = Release|Any CPU
		{4BE80459-94BE-4203-9A5C-E03DEE3A7C61}.Release|x86.Build.0 = Release|Any CPU
		{088AA402-AFB6-4AE8-A8F6-2FC263DADEDD}.Debug|Any CPU.ActiveCfg = Debug|Any CPU
		{088AA402-AFB6-4AE8-A8F6-2FC263DADEDD}.Debug|Any CPU.Build.0 = Debug|Any CPU
		{088AA402-AFB6-4AE8-A8F6-2FC263DADEDD}.Debug|x64.ActiveCfg = Debug|Any CPU
		{088AA402-AFB6-4AE8-A8F6-2FC263DADEDD}.Debug|x64.Build.0 = Debug|Any CPU
		{088AA402-AFB6-4AE8-A8F6-2FC263DADEDD}.Debug|x86.ActiveCfg = Debug|Any CPU
		{088AA402-AFB6-4AE8-A8F6-2FC263DADEDD}.Debug|x86.Build.0 = Debug|Any CPU
		{088AA402-AFB6-4AE8-A8F6-2FC263DADEDD}.Release|Any CPU.ActiveCfg = Release|Any CPU
		{088AA402-AFB6-4AE8-A8F6-2FC263DADEDD}.Release|Any CPU.Build.0 = Release|Any CPU
		{088AA402-AFB6-4AE8-A8F6-2FC263DADEDD}.Release|x64.ActiveCfg = Release|Any CPU
		{088AA402-AFB6-4AE8-A8F6-2FC263DADEDD}.Release|x64.Build.0 = Release|Any CPU
		{088AA402-AFB6-4AE8-A8F6-2FC263DADEDD}.Release|x86.ActiveCfg = Release|Any CPU
		{088AA402-AFB6-4AE8-A8F6-2FC263DADEDD}.Release|x86.Build.0 = Release|Any CPU
		{EB527E1C-AE0C-43FD-9875-5ED86928C2FC}.Debug|Any CPU.ActiveCfg = Debug|Any CPU
		{EB527E1C-AE0C-43FD-9875-5ED86928C2FC}.Debug|Any CPU.Build.0 = Debug|Any CPU
		{EB527E1C-AE0C-43FD-9875-5ED86928C2FC}.Debug|x64.ActiveCfg = Debug|Any CPU
		{EB527E1C-AE0C-43FD-9875-5ED86928C2FC}.Debug|x64.Build.0 = Debug|Any CPU
		{EB527E1C-AE0C-43FD-9875-5ED86928C2FC}.Debug|x86.ActiveCfg = Debug|Any CPU
		{EB527E1C-AE0C-43FD-9875-5ED86928C2FC}.Debug|x86.Build.0 = Debug|Any CPU
		{EB527E1C-AE0C-43FD-9875-5ED86928C2FC}.Release|Any CPU.ActiveCfg = Release|Any CPU
		{EB527E1C-AE0C-43FD-9875-5ED86928C2FC}.Release|Any CPU.Build.0 = Release|Any CPU
		{EB527E1C-AE0C-43FD-9875-5ED86928C2FC}.Release|x64.ActiveCfg = Release|Any CPU
		{EB527E1C-AE0C-43FD-9875-5ED86928C2FC}.Release|x64.Build.0 = Release|Any CPU
		{EB527E1C-AE0C-43FD-9875-5ED86928C2FC}.Release|x86.ActiveCfg = Release|Any CPU
		{EB527E1C-AE0C-43FD-9875-5ED86928C2FC}.Release|x86.Build.0 = Release|Any CPU
	EndGlobalSection
EndGlobal
